
Microsoft Visual Studio Solution File, Format Version 12.00
# Visual Studio Version 17
VisualStudioVersion = 17.3.32811.315
MinimumVisualStudioVersion = 10.0.40219.1
Project("{8BC9CEB8-8B4A-11D0-8D11-00A0C91BC942}") = "mod", "mod\mod.vcxproj", "{F2417BC8-862B-427B-BF3A-7997E00B5191}"
EndProject
Global
	GlobalSection(SolutionConfigurationPlatforms) = preSolution
		Debug|x64 = Debug|x64
		Debug|x86 = Debug|x86
		Release|x64 = Release|x64
		Release|x86 = Release|x86
	EndGlobalSection
	GlobalSection(ProjectConfigurationPlatforms) = postSolution
		{F2417BC8-862B-427B-BF3A-7997E00B5191}.Debug|x64.ActiveCfg = Debug|x64
		{F2417BC8-862B-427B-BF3A-7997E00B5191}.Debug|x64.Build.0 = Debug|x64
		{F2417BC8-862B-427B-BF3A-7997E00B5191}.Debug|x86.ActiveCfg = Debug|Win32
		{F2417BC8-862B-427B-BF3A-7997E00B5191}.Debug|x86.Build.0 = Debug|Win32
		{F2417BC8-862B-427B-BF3A-7997E00B5191}.Release|x64.ActiveCfg = Release|x64
		{F2417BC8-862B-427B-BF3A-7997E00B5191}.Release|x64.Build.0 = Release|x64
		{F2417BC8-862B-427B-BF3A-7997E00B5191}.Release|x86.ActiveCfg = Release|Win32
		{F2417BC8-862B-427B-BF3A-7997E00B5191}.Release|x86.Build.0 = Release|Win32
	EndGlobalSection
	GlobalSection(SolutionProperties) = preSolution
		HideSolutionNode = FALSE
	EndGlobalSection
	GlobalSection(ExtensibilityGlobals) = postSolution
		SolutionGuid = {CB841E44-2E6A-4AEF-911F-CF0219FDD8A6}
	EndGlobalSection
EndGlobal
